
Microsoft Visual Studio Solution File, Format Version 12.00
# Visual Studio 15
VisualStudioVersion = 15.0.28307.106
MinimumVisualStudioVersion = 10.0.40219.1
Project("{FAE04EC0-301F-11D3-BF4B-00C04F79EFBC}") = "WFA_Kirtasiye_Otomasyon_Odev", "WFA_Kirtasiye_Otomasyon_Odev\WFA_Kirtasiye_Otomasyon_Odev.csproj", "{B8AC1692-487D-4971-9D88-7A1B53F0A990}"
EndProject
Global
	GlobalSection(SolutionConfigurationPlatforms) = preSolution
		Debug|Any CPU = Debug|Any CPU
		Release|Any CPU = Release|Any CPU
	EndGlobalSection
	GlobalSection(ProjectConfigurationPlatforms) = postSolution
		{B8AC1692-487D-4971-9D88-7A1B53F0A990}.Debug|Any CPU.ActiveCfg = Debug|Any CPU
		{B8AC1692-487D-4971-9D88-7A1B53F0A990}.Debug|Any CPU.Build.0 = Debug|Any CPU
		{B8AC1692-487D-4971-9D88-7A1B53F0A990}.Release|Any CPU.ActiveCfg = Release|Any CPU
		{B8AC1692-487D-4971-9D88-7A1B53F0A990}.Release|Any CPU.Build.0 = Release|Any CPU
	EndGlobalSection
	GlobalSection(SolutionProperties) = preSolution
		HideSolutionNode = FALSE
	EndGlobalSection
	GlobalSection(ExtensibilityGlobals) = postSolution
		SolutionGuid = {18E762E4-D528-44C6-B56B-5122FE6698BD}
	EndGlobalSection
EndGlobal
